<?xml version="1.0" encoding="utf-8"?>
<Project ToolsVersion="4.0" xmlns="http://schemas.microsoft.com/developer/msbuild/2003">
  <ItemGroup>
    <ClCompile Include="translators\CustomTranslator.cpp">
      <Filter>translators</Filter>
    </ClCompile>
    <ClCompile Include="translators\LatinTranslation.cpp">
      <Filter>translators</Filter>
    </ClCompile>
    <ClCompile Include="translators\SanLtdTranslation.cpp">
      <Filter>translators</Filter>
    </ClCompile>
    <ClCompile Include="translators\SAOriginalTranslation.cpp">
      <Filter>translators</Filter>
    </ClCompile>
    <ClCompile Include="CD3DSprite.cpp">
      <Filter>Source</Filter>
    </ClCompile>
    <ClCompile Include="CFontMenu.cpp">
      <Filter>Source</Filter>
    </ClCompile>
    <ClCompile Include="CNewFonts.cpp">
      <Filter>Source</Filter>
    </ClCompile>
    <ClCompile Include="Main.cpp">
      <Filter>Source</Filter>
    </ClCompile>
    <ClCompile Include="translators\WideCharSupport.cpp">
      <Filter>translators</Filter>
    </ClCompile>
  </ItemGroup>
  <ItemGroup>
    <ClInclude Include="translators\BaseTranslation.h">
      <Filter>translators</Filter>
    </ClInclude>
    <ClInclude Include="translators\CustomTranslator.h">
      <Filter>translators</Filter>
    </ClInclude>
    <ClInclude Include="translators\LatinTranslation.h">
      <Filter>translators</Filter>
    </ClInclude>
    <ClInclude Include="translators\SanLtdTranslation.h">
      <Filter>translators</Filter>
    </ClInclude>
    <ClInclude Include="translators\SAOriginalTranslation.h">
      <Filter>translators</Filter>
    </ClInclude>
    <ClInclude Include="CD3DSprite.h">
      <Filter>Source</Filter>
    </ClInclude>
    <ClInclude Include="CNewFonts.h">
      <Filter>Source</Filter>
    </ClInclude>
    <ClInclude Include="translators\WideCharSupport.h">
      <Filter>translators</Filter>
    </ClInclude>
  </ItemGroup>
  <ItemGroup>
    <Filter Include="translators">
      <UniqueIdentifier>{6af7e0a6-5f85-4733-80f3-44f7badefe55}</UniqueIdentifier>
    </Filter>
    <Filter Include="translations">
      <UniqueIdentifier>{4f1405c2-5cf3-4573-b3cc-ed6417cc533f}</UniqueIdentifier>
    </Filter>
    <Filter Include="Source">
      <UniqueIdentifier>{d2579071-08e1-4010-807b-14ef5be2f027}</UniqueIdentifier>
    </Filter>
  </ItemGroup>
  <ItemGroup>
    <None Include="..\directFont.ini" />
    <None Include="..\copymod.bat" />
    <None Include="..\Translations\Latin.ini">
      <Filter>translations</Filter>
    </None>
    <None Include="..\Translations\test.ini">
      <Filter>translations</Filter>
    </None>
  </ItemGroup>
</Project>